uuid: e798723c-692d-4a19-9ea4-2869c7087e5a
langcode: en
status: true
dependencies:
  module:
    - block_field
    - paragraphs
id: paragraph.field_plugin_block
field_name: field_plugin_block
entity_type: paragraph
type: block_field
settings: {  }
module: block_field
locked: false
cardinality: 1
translatable: true
indexes: {  }
persist_with_no_fields: false
custom_storage: false
